// !$*UTF8*$!
{
	archiveVersion = 1;
	classes = {
	};
	objectVersion = 50;
	objects = {

/* Begin PBXBuildFile section */
		BE07BAF4230F4E8A008BCAF0 /* AppDelegate.swift in Sources */ = {isa = PBXBuildFile; fileRef = BE07BAF3230F4E8A008BCAF0 /* AppDelegate.swift */; };
		BE07BAF6230F4E8A008BCAF0 /* ViewController.swift in Sources */ = {isa = PBXBuildFile; fileRef = BE07BAF5230F4E8A008BCAF0 /* ViewController.swift */; };
		BE07BAF9230F4E8A008BCAF0 /* Main.storyboard in Resources */ = {isa = PBXBuildFile; fileRef = BE07BAF7230F4E8A008BCAF0 /* Main.storyboard */; };
		BE07BAFB230F4E8B008BCAF0 /* Assets.xcassets in Resources */ = {isa = PBXBuildFile; fileRef = BE07BAFA230F4E8B008BCAF0 /* Assets.xcassets */; };
		BE07BAFE230F4E8B008BCAF0 /* LaunchScreen.storyboard in Resources */ = {isa = PBXBuildFile; fileRef = BE07BAFC230F4E8B008BCAF0 /* LaunchScreen.storyboard */; };
		BE07BB09230F4E8B008BCAF0 /* ParotterClientTests.swift in Sources */ = {isa = PBXBuildFile; fileRef = BE07BB08230F4E8B008BCAF0 /* ParotterClientTests.swift */; };
		BE07BB14230F4E8B008BCAF0 /* ParotterClientUITests.swift in Sources */ = {isa = PBXBuildFile; fileRef = BE07BB13230F4E8B008BCAF0 /* ParotterClientUITests.swift */; };
		BE07BB22230F4F43008BCAF0 /* OAuthClient.swift in Sources */ = {isa = PBXBuildFile; fileRef = BE07BB21230F4F43008BCAF0 /* OAuthClient.swift */; };
		BE07BB23230F4F43008BCAF0 /* OAuthClient.swift in Sources */ = {isa = PBXBuildFile; fileRef = BE07BB21230F4F43008BCAF0 /* OAuthClient.swift */; };
		BE07BB25230F4FA5008BCAF0 /* Extensions in Resources */ = {isa = PBXBuildFile; fileRef = BE07BB24230F4FA5008BCAF0 /* Extensions */; };
		BE07BB26230F4FA5008BCAF0 /* Extensions in Resources */ = {isa = PBXBuildFile; fileRef = BE07BB24230F4FA5008BCAF0 /* Extensions */; };
		BE07BB27230F4FA5008BCAF0 /* Extensions in Resources */ = {isa = PBXBuildFile; fileRef = BE07BB24230F4FA5008BCAF0 /* Extensions */; };
		BE07BB33230F4FEF008BCAF0 /* String++.swift in Sources */ = {isa = PBXBuildFile; fileRef = BE07BB29230F4FED008BCAF0 /* String++.swift */; };
		BE07BB34230F4FEF008BCAF0 /* String++.swift in Sources */ = {isa = PBXBuildFile; fileRef = BE07BB29230F4FED008BCAF0 /* String++.swift */; };
		BE07BB35230F4FEF008BCAF0 /* String++.swift in Sources */ = {isa = PBXBuildFile; fileRef = BE07BB29230F4FED008BCAF0 /* String++.swift */; };
		BE07BB36230F4FEF008BCAF0 /* Operator++.swift in Sources */ = {isa = PBXBuildFile; fileRef = BE07BB2A230F4FED008BCAF0 /* Operator++.swift */; };
		BE07BB37230F4FEF008BCAF0 /* Operator++.swift in Sources */ = {isa = PBXBuildFile; fileRef = BE07BB2A230F4FED008BCAF0 /* Operator++.swift */; };
		BE07BB38230F4FEF008BCAF0 /* Operator++.swift in Sources */ = {isa = PBXBuildFile; fileRef = BE07BB2A230F4FED008BCAF0 /* Operator++.swift */; };
		BE07BB39230F4FEF008BCAF0 /* Dictionary++.swift in Sources */ = {isa = PBXBuildFile; fileRef = BE07BB2B230F4FED008BCAF0 /* Dictionary++.swift */; };
		BE07BB3A230F4FEF008BCAF0 /* Dictionary++.swift in Sources */ = {isa = PBXBuildFile; fileRef = BE07BB2B230F4FED008BCAF0 /* Dictionary++.swift */; };
		BE07BB3B230F4FEF008BCAF0 /* Dictionary++.swift in Sources */ = {isa = PBXBuildFile; fileRef = BE07BB2B230F4FED008BCAF0 /* Dictionary++.swift */; };
		BE07BB3C230F4FEF008BCAF0 /* SHA1.swift in Sources */ = {isa = PBXBuildFile; fileRef = BE07BB2C230F4FEE008BCAF0 /* SHA1.swift */; };
		BE07BB3D230F4FEF008BCAF0 /* SHA1.swift in Sources */ = {isa = PBXBuildFile; fileRef = BE07BB2C230F4FEE008BCAF0 /* SHA1.swift */; };
		BE07BB3E230F4FEF008BCAF0 /* SHA1.swift in Sources */ = {isa = PBXBuildFile; fileRef = BE07BB2C230F4FEE008BCAF0 /* SHA1.swift */; };
		BE07BB3F230F4FEF008BCAF0 /* Scanner++.swift in Sources */ = {isa = PBXBuildFile; fileRef = BE07BB2D230F4FEE008BCAF0 /* Scanner++.swift */; };
		BE07BB40230F4FEF008BCAF0 /* Scanner++.swift in Sources */ = {isa = PBXBuildFile; fileRef = BE07BB2D230F4FEE008BCAF0 /* Scanner++.swift */; };
		BE07BB41230F4FEF008BCAF0 /* Scanner++.swift in Sources */ = {isa = PBXBuildFile; fileRef = BE07BB2D230F4FEE008BCAF0 /* Scanner++.swift */; };
		BE07BB42230F4FEF008BCAF0 /* URL++.swift in Sources */ = {isa = PBXBuildFile; fileRef = BE07BB2E230F4FEE008BCAF0 /* URL++.swift */; };
		BE07BB43230F4FEF008BCAF0 /* URL++.swift in Sources */ = {isa = PBXBuildFile; fileRef = BE07BB2E230F4FEE008BCAF0 /* URL++.swift */; };
		BE07BB44230F4FEF008BCAF0 /* URL++.swift in Sources */ = {isa = PBXBuildFile; fileRef = BE07BB2E230F4FEE008BCAF0 /* URL++.swift */; };
		BE07BB45230F4FEF008BCAF0 /* Utils.swift in Sources */ = {isa = PBXBuildFile; fileRef = BE07BB2F230F4FEE008BCAF0 /* Utils.swift */; };
		BE07BB46230F4FEF008BCAF0 /* Utils.swift in Sources */ = {isa = PBXBuildFile; fileRef = BE07BB2F230F4FEE008BCAF0 /* Utils.swift */; };
		BE07BB47230F4FEF008BCAF0 /* Utils.swift in Sources */ = {isa = PBXBuildFile; fileRef = BE07BB2F230F4FEE008BCAF0 /* Utils.swift */; };
		BE07BB48230F4FEF008BCAF0 /* Data++.swift in Sources */ = {isa = PBXBuildFile; fileRef = BE07BB30230F4FEE008BCAF0 /* Data++.swift */; };
		BE07BB49230F4FEF008BCAF0 /* Data++.swift in Sources */ = {isa = PBXBuildFile; fileRef = BE07BB30230F4FEE008BCAF0 /* Data++.swift */; };
		BE07BB4A230F4FEF008BCAF0 /* Data++.swift in Sources */ = {isa = PBXBuildFile; fileRef = BE07BB30230F4FEE008BCAF0 /* Data++.swift */; };
		BE07BB4B230F4FEF008BCAF0 /* HMAC.swift in Sources */ = {isa = PBXBuildFile; fileRef = BE07BB31230F4FEE008BCAF0 /* HMAC.swift */; };
		BE07BB4C230F4FEF008BCAF0 /* HMAC.swift in Sources */ = {isa = PBXBuildFile; fileRef = BE07BB31230F4FEE008BCAF0 /* HMAC.swift */; };
		BE07BB4D230F4FEF008BCAF0 /* HMAC.swift in Sources */ = {isa = PBXBuildFile; fileRef = BE07BB31230F4FEE008BCAF0 /* HMAC.swift */; };
		BE07BB4E230F4FEF008BCAF0 /* Int++.swift in Sources */ = {isa = PBXBuildFile; fileRef = BE07BB32230F4FEE008BCAF0 /* Int++.swift */; };
		BE07BB4F230F4FEF008BCAF0 /* Int++.swift in Sources */ = {isa = PBXBuildFile; fileRef = BE07BB32230F4FEE008BCAF0 /* Int++.swift */; };
		BE07BB50230F4FEF008BCAF0 /* Int++.swift in Sources */ = {isa = PBXBuildFile; fileRef = BE07BB32230F4FEE008BCAF0 /* Int++.swift */; };
		BE07BB5F230F7607008BCAF0 /* OAuthClientTests.swift in Sources */ = {isa = PBXBuildFile; fileRef = BE07BB5E230F7607008BCAF0 /* OAuthClientTests.swift */; };
		BED16ABD23102EE900F9A295 /* HTTPRequest.swift in Sources */ = {isa = PBXBuildFile; fileRef = BED16ABC23102EE900F9A295 /* HTTPRequest.swift */; };
		BED16ABF2310375300F9A295 /* Auth.swift in Sources */ = {isa = PBXBuildFile; fileRef = BED16ABE2310375300F9A295 /* Auth.swift */; };
		BED16AC123103A2F00F9A295 /* Twitter.swift in Sources */ = {isa = PBXBuildFile; fileRef = BED16AC023103A2F00F9A295 /* Twitter.swift */; };
		BED16AC323104C2000F9A295 /* ClientProtocal.swift in Sources */ = {isa = PBXBuildFile; fileRef = BED16AC223104C2000F9A295 /* ClientProtocal.swift */; };
		BEDAD1CE2310616200592C01 /* AuthTests.swift in Sources */ = {isa = PBXBuildFile; fileRef = BEDAD1CD2310616200592C01 /* AuthTests.swift */; };
		BEDAD1D623106C1900592C01 /* FooTests.swift in Sources */ = {isa = PBXBuildFile; fileRef = BEDAD1D523106C1900592C01 /* FooTests.swift */; };
		BEDAD1DD23106D2D00592C01 /* Auth.swift in Sources */ = {isa = PBXBuildFile; fileRef = BED16ABE2310375300F9A295 /* Auth.swift */; };
		BEDAD1DE23106D3200592C01 /* HTTPRequest.swift in Sources */ = {isa = PBXBuildFile; fileRef = BED16ABC23102EE900F9A295 /* HTTPRequest.swift */; };
		BEDAD1DF23106D3400592C01 /* ClientProtocal.swift in Sources */ = {isa = PBXBuildFile; fileRef = BED16AC223104C2000F9A295 /* ClientProtocal.swift */; };
		BEDAD1E023106D4700592C01 /* ViewController.swift in Sources */ = {isa = PBXBuildFile; fileRef = BE07BAF5230F4E8A008BCAF0 /* ViewController.swift */; };
		BEDAD1E123106D4B00592C01 /* Twitter.swift in Sources */ = {isa = PBXBuildFile; fileRef = BED16AC023103A2F00F9A295 /* Twitter.swift */; };
		BEDAD1E223106D4E00592C01 /* AppDelegate.swift in Sources */ = {isa = PBXBuildFile; fileRef = BE07BAF3230F4E8A008BCAF0 /* AppDelegate.swift */; };
		BEDAD1EB231071E000592C01 /* HTTPRequest.swift in Sources */ = {isa = PBXBuildFile; fileRef = BEDAD1EA231071E000592C01 /* HTTPRequest.swift */; };
		BEDAD1F32310721E00592C01 /* HTTPRequestTest.swift in Sources */ = {isa = PBXBuildFile; fileRef = BEDAD1F22310721E00592C01 /* HTTPRequestTest.swift */; };
/* End PBXBuildFile section */

/* Begin PBXContainerItemProxy section */
		BE07BB05230F4E8B008BCAF0 /* PBXContainerItemProxy */ = {
			isa = PBXContainerItemProxy;
			containerPortal = BE07BAE8230F4E8A008BCAF0 /* Project object */;
			proxyType = 1;
			remoteGlobalIDString = BE07BAEF230F4E8A008BCAF0;
			remoteInfo = ParotterClient;
		};
		BE07BB10230F4E8B008BCAF0 /* PBXContainerItemProxy */ = {
			isa = PBXContainerItemProxy;
			containerPortal = BE07BAE8230F4E8A008BCAF0 /* Project object */;
			proxyType = 1;
			remoteGlobalIDString = BE07BAEF230F4E8A008BCAF0;
			remoteInfo = ParotterClient;
		};
		BEDAD1D823106C1900592C01 /* PBXContainerItemProxy */ = {
			isa = PBXContainerItemProxy;
			containerPortal = BE07BAE8230F4E8A008BCAF0 /* Project object */;
			proxyType = 1;
			remoteGlobalIDString = BE07BAEF230F4E8A008BCAF0;
			remoteInfo = ParotterClient;
		};
		BEDAD1ED231071E000592C01 /* PBXContainerItemProxy */ = {
			isa = PBXContainerItemProxy;
			containerPortal = BE07BAE8230F4E8A008BCAF0 /* Project object */;
			proxyType = 1;
			remoteGlobalIDString = BE07BAEF230F4E8A008BCAF0;
			remoteInfo = ParotterClient;
		};
/* End PBXContainerItemProxy section */

/* Begin PBXFileReference section */
		BE07BAF0230F4E8A008BCAF0 /* ParotterClient.app */ = {isa = PBXFileReference; explicitFileType = wrapper.application; includeInIndex = 0; path = ParotterClient.app; sourceTree = BUILT_PRODUCTS_DIR; };
		BE07BAF3230F4E8A008BCAF0 /* AppDelegate.swift */ = {isa = PBXFileReference; lastKnownFileType = sourcecode.swift; path = AppDelegate.swift; sourceTree = "<group>"; };
		BE07BAF5230F4E8A008BCAF0 /* ViewController.swift */ = {isa = PBXFileReference; lastKnownFileType = sourcecode.swift; path = ViewController.swift; sourceTree = "<group>"; };
		BE07BAF8230F4E8A008BCAF0 /* Base */ = {isa = PBXFileReference; lastKnownFileType = file.storyboard; name = Base; path = Base.lproj/Main.storyboard; sourceTree = "<group>"; };
		BE07BAFA230F4E8B008BCAF0 /* Assets.xcassets */ = {isa = PBXFileReference; lastKnownFileType = folder.assetcatalog; path = Assets.xcassets; sourceTree = "<group>"; };
		BE07BAFD230F4E8B008BCAF0 /* Base */ = {isa = PBXFileReference; lastKnownFileType = file.storyboard; name = Base; path = Base.lproj/LaunchScreen.storyboard; sourceTree = "<group>"; };
		BE07BAFF230F4E8B008BCAF0 /* Info.plist */ = {isa = PBXFileReference; lastKnownFileType = text.plist.xml; path = Info.plist; sourceTree = "<group>"; };
		BE07BB04230F4E8B008BCAF0 /* ParotterClientTests.xctest */ = {isa = PBXFileReference; explicitFileType = wrapper.cfbundle; includeInIndex = 0; path = ParotterClientTests.xctest; sourceTree = BUILT_PRODUCTS_DIR; };
		BE07BB08230F4E8B008BCAF0 /* ParotterClientTests.swift */ = {isa = PBXFileReference; lastKnownFileType = sourcecode.swift; path = ParotterClientTests.swift; sourceTree = "<group>"; };
		BE07BB0A230F4E8B008BCAF0 /* Info.plist */ = {isa = PBXFileReference; lastKnownFileType = text.plist.xml; path = Info.plist; sourceTree = "<group>"; };
		BE07BB0F230F4E8B008BCAF0 /* ParotterClientUITests.xctest */ = {isa = PBXFileReference; explicitFileType = wrapper.cfbundle; includeInIndex = 0; path = ParotterClientUITests.xctest; sourceTree = BUILT_PRODUCTS_DIR; };
		BE07BB13230F4E8B008BCAF0 /* ParotterClientUITests.swift */ = {isa = PBXFileReference; lastKnownFileType = sourcecode.swift; path = ParotterClientUITests.swift; sourceTree = "<group>"; };
		BE07BB15230F4E8B008BCAF0 /* Info.plist */ = {isa = PBXFileReference; lastKnownFileType = text.plist.xml; path = Info.plist; sourceTree = "<group>"; };
		BE07BB21230F4F43008BCAF0 /* OAuthClient.swift */ = {isa = PBXFileReference; lastKnownFileType = sourcecode.swift; path = OAuthClient.swift; sourceTree = "<group>"; };
		BE07BB24230F4FA5008BCAF0 /* Extensions */ = {isa = PBXFileReference; lastKnownFileType = folder; path = Extensions; sourceTree = SOURCE_ROOT; };
		BE07BB29230F4FED008BCAF0 /* String++.swift */ = {isa = PBXFileReference; fileEncoding = 4; lastKnownFileType = sourcecode.swift; name = "String++.swift"; path = "Extensions/String++.swift"; sourceTree = SOURCE_ROOT; };
		BE07BB2A230F4FED008BCAF0 /* Operator++.swift */ = {isa = PBXFileReference; fileEncoding = 4; lastKnownFileType = sourcecode.swift; name = "Operator++.swift"; path = "Extensions/Operator++.swift"; sourceTree = SOURCE_ROOT; };
		BE07BB2B230F4FED008BCAF0 /* Dictionary++.swift */ = {isa = PBXFileReference; fileEncoding = 4; lastKnownFileType = sourcecode.swift; name = "Dictionary++.swift"; path = "Extensions/Dictionary++.swift"; sourceTree = SOURCE_ROOT; };
		BE07BB2C230F4FEE008BCAF0 /* SHA1.swift */ = {isa = PBXFileReference; fileEncoding = 4; lastKnownFileType = sourcecode.swift; name = SHA1.swift; path = Extensions/SHA1.swift; sourceTree = SOURCE_ROOT; };
		BE07BB2D230F4FEE008BCAF0 /* Scanner++.swift */ = {isa = PBXFileReference; fileEncoding = 4; lastKnownFileType = sourcecode.swift; name = "Scanner++.swift"; path = "Extensions/Scanner++.swift"; sourceTree = SOURCE_ROOT; };
		BE07BB2E230F4FEE008BCAF0 /* URL++.swift */ = {isa = PBXFileReference; fileEncoding = 4; lastKnownFileType = sourcecode.swift; name = "URL++.swift"; path = "Extensions/URL++.swift"; sourceTree = SOURCE_ROOT; };
		BE07BB2F230F4FEE008BCAF0 /* Utils.swift */ = {isa = PBXFileReference; fileEncoding = 4; lastKnownFileType = sourcecode.swift; name = Utils.swift; path = Extensions/Utils.swift; sourceTree = SOURCE_ROOT; };
		BE07BB30230F4FEE008BCAF0 /* Data++.swift */ = {isa = PBXFileReference; fileEncoding = 4; lastKnownFileType = sourcecode.swift; name = "Data++.swift"; path = "Extensions/Data++.swift"; sourceTree = SOURCE_ROOT; };
		BE07BB31230F4FEE008BCAF0 /* HMAC.swift */ = {isa = PBXFileReference; fileEncoding = 4; lastKnownFileType = sourcecode.swift; name = HMAC.swift; path = Extensions/HMAC.swift; sourceTree = SOURCE_ROOT; };
		BE07BB32230F4FEE008BCAF0 /* Int++.swift */ = {isa = PBXFileReference; fileEncoding = 4; lastKnownFileType = sourcecode.swift; name = "Int++.swift"; path = "Extensions/Int++.swift"; sourceTree = SOURCE_ROOT; };
		BE07BB5E230F7607008BCAF0 /* OAuthClientTests.swift */ = {isa = PBXFileReference; lastKnownFileType = sourcecode.swift; path = OAuthClientTests.swift; sourceTree = "<group>"; };
		BED16ABC23102EE900F9A295 /* HTTPRequest.swift */ = {isa = PBXFileReference; lastKnownFileType = sourcecode.swift; path = HTTPRequest.swift; sourceTree = "<group>"; };
		BED16ABE2310375300F9A295 /* Auth.swift */ = {isa = PBXFileReference; lastKnownFileType = sourcecode.swift; path = Auth.swift; sourceTree = "<group>"; };
		BED16AC023103A2F00F9A295 /* Twitter.swift */ = {isa = PBXFileReference; lastKnownFileType = sourcecode.swift; path = Twitter.swift; sourceTree = "<group>"; };
		BED16AC223104C2000F9A295 /* ClientProtocal.swift */ = {isa = PBXFileReference; lastKnownFileType = sourcecode.swift; path = ClientProtocal.swift; sourceTree = "<group>"; };
		BEDAD1CD2310616200592C01 /* AuthTests.swift */ = {isa = PBXFileReference; lastKnownFileType = sourcecode.swift; path = AuthTests.swift; sourceTree = "<group>"; };
		BEDAD1D323106C1900592C01 /* FooTests.xctest */ = {isa = PBXFileReference; explicitFileType = wrapper.cfbundle; includeInIndex = 0; path = FooTests.xctest; sourceTree = BUILT_PRODUCTS_DIR; };
		BEDAD1D523106C1900592C01 /* FooTests.swift */ = {isa = PBXFileReference; lastKnownFileType = sourcecode.swift; path = FooTests.swift; sourceTree = "<group>"; };
		BEDAD1D723106C1900592C01 /* Info.plist */ = {isa = PBXFileReference; lastKnownFileType = text.plist.xml; path = Info.plist; sourceTree = "<group>"; };
		BEDAD1E8231071E000592C01 /* HTTPRequest.xctest */ = {isa = PBXFileReference; explicitFileType = wrapper.cfbundle; includeInIndex = 0; path = HTTPRequest.xctest; sourceTree = BUILT_PRODUCTS_DIR; };
		BEDAD1EA231071E000592C01 /* HTTPRequest.swift */ = {isa = PBXFileReference; lastKnownFileType = sourcecode.swift; path = HTTPRequest.swift; sourceTree = "<group>"; };
		BEDAD1EC231071E000592C01 /* Info.plist */ = {isa = PBXFileReference; lastKnownFileType = text.plist.xml; path = Info.plist; sourceTree = "<group>"; };
		BEDAD1F22310721E00592C01 /* HTTPRequestTest.swift */ = {isa = PBXFileReference; lastKnownFileType = sourcecode.swift; path = HTTPRequestTest.swift; sourceTree = "<group>"; };
/* End PBXFileReference section */

/* Begin PBXFrameworksBuildPhase section */
		BE07BAED230F4E8A008BCAF0 /* Frameworks */ = {
			isa = PBXFrameworksBuildPhase;
			buildActionMask = 2147483647;
			files = (
			);
			runOnlyForDeploymentPostprocessing = 0;
		};
		BE07BB01230F4E8B008BCAF0 /* Frameworks */ = {
			isa = PBXFrameworksBuildPhase;
			buildActionMask = 2147483647;
			files = (
			);
			runOnlyForDeploymentPostprocessing = 0;
		};
		BE07BB0C230F4E8B008BCAF0 /* Frameworks */ = {
			isa = PBXFrameworksBuildPhase;
			buildActionMask = 2147483647;
			files = (
			);
			runOnlyForDeploymentPostprocessing = 0;
		};
		BEDAD1D023106C1900592C01 /* Frameworks */ = {
			isa = PBXFrameworksBuildPhase;
			buildActionMask = 2147483647;
			files = (
			);
			runOnlyForDeploymentPostprocessing = 0;
		};
		BEDAD1E5231071E000592C01 /* Frameworks */ = {
			isa = PBXFrameworksBuildPhase;
			buildActionMask = 2147483647;
			files = (
			);
			runOnlyForDeploymentPostprocessing = 0;
		};
/* End PBXFrameworksBuildPhase section */

/* Begin PBXGroup section */
		BE07BAE7230F4E8A008BCAF0 = {
			isa = PBXGroup;
			children = (
				BE07BAF2230F4E8A008BCAF0 /* ParotterClient */,
				BE07BB07230F4E8B008BCAF0 /* ParotterClientTests */,
				BE07BB12230F4E8B008BCAF0 /* ParotterClientUITests */,
				BEDAD1D423106C1900592C01 /* FooTests */,
				BEDAD1E9231071E000592C01 /* HTTPRequest */,
				BE07BAF1230F4E8A008BCAF0 /* Products */,
			);
			sourceTree = "<group>";
		};
		BE07BAF1230F4E8A008BCAF0 /* Products */ = {
			isa = PBXGroup;
			children = (
				BE07BAF0230F4E8A008BCAF0 /* ParotterClient.app */,
				BE07BB04230F4E8B008BCAF0 /* ParotterClientTests.xctest */,
				BE07BB0F230F4E8B008BCAF0 /* ParotterClientUITests.xctest */,
				BEDAD1D323106C1900592C01 /* FooTests.xctest */,
				BEDAD1E8231071E000592C01 /* HTTPRequest.xctest */,
			);
			name = Products;
			sourceTree = "<group>";
		};
		BE07BAF2230F4E8A008BCAF0 /* ParotterClient */ = {
			isa = PBXGroup;
			children = (
				BE07BB28230F4FD4008BCAF0 /* Extensions */,
				BE07BB24230F4FA5008BCAF0 /* Extensions */,
				BE07BAF3230F4E8A008BCAF0 /* AppDelegate.swift */,
				BED16AC023103A2F00F9A295 /* Twitter.swift */,
				BE07BAF5230F4E8A008BCAF0 /* ViewController.swift */,
				BE07BAF7230F4E8A008BCAF0 /* Main.storyboard */,
				BE07BAFA230F4E8B008BCAF0 /* Assets.xcassets */,
				BE07BAFC230F4E8B008BCAF0 /* LaunchScreen.storyboard */,
				BE07BAFF230F4E8B008BCAF0 /* Info.plist */,
				BE07BB21230F4F43008BCAF0 /* OAuthClient.swift */,
				BED16ABE2310375300F9A295 /* Auth.swift */,
				BED16ABC23102EE900F9A295 /* HTTPRequest.swift */,
				BED16AC223104C2000F9A295 /* ClientProtocal.swift */,
			);
			path = ParotterClient;
			sourceTree = "<group>";
		};
		BE07BB07230F4E8B008BCAF0 /* ParotterClientTests */ = {
			isa = PBXGroup;
			children = (
				BEDAD1F22310721E00592C01 /* HTTPRequestTest.swift */,
				BE07BB5E230F7607008BCAF0 /* OAuthClientTests.swift */,
				BE07BB08230F4E8B008BCAF0 /* ParotterClientTests.swift */,
				BE07BB0A230F4E8B008BCAF0 /* Info.plist */,
				BEDAD1CD2310616200592C01 /* AuthTests.swift */,
			);
			path = ParotterClientTests;
			sourceTree = "<group>";
		};
		BE07BB12230F4E8B008BCAF0 /* ParotterClientUITests */ = {
			isa = PBXGroup;
			children = (
				BE07BB13230F4E8B008BCAF0 /* ParotterClientUITests.swift */,
				BE07BB15230F4E8B008BCAF0 /* Info.plist */,
			);
			path = ParotterClientUITests;
			sourceTree = "<group>";
		};
		BE07BB28230F4FD4008BCAF0 /* Extensions */ = {
			isa = PBXGroup;
			children = (
				BE07BB30230F4FEE008BCAF0 /* Data++.swift */,
				BE07BB2B230F4FED008BCAF0 /* Dictionary++.swift */,
				BE07BB31230F4FEE008BCAF0 /* HMAC.swift */,
				BE07BB32230F4FEE008BCAF0 /* Int++.swift */,
				BE07BB2A230F4FED008BCAF0 /* Operator++.swift */,
				BE07BB2D230F4FEE008BCAF0 /* Scanner++.swift */,
				BE07BB2C230F4FEE008BCAF0 /* SHA1.swift */,
				BE07BB29230F4FED008BCAF0 /* String++.swift */,
				BE07BB2E230F4FEE008BCAF0 /* URL++.swift */,
				BE07BB2F230F4FEE008BCAF0 /* Utils.swift */,
			);
			name = Extensions;
			sourceTree = "<group>";
		};
		BEDAD1D423106C1900592C01 /* FooTests */ = {
			isa = PBXGroup;
			children = (
				BEDAD1D523106C1900592C01 /* FooTests.swift */,
				BEDAD1D723106C1900592C01 /* Info.plist */,
			);
			path = FooTests;
			sourceTree = "<group>";
		};
		BEDAD1E9231071E000592C01 /* HTTPRequest */ = {
			isa = PBXGroup;
			children = (
				BEDAD1EA231071E000592C01 /* HTTPRequest.swift */,
				BEDAD1EC231071E000592C01 /* Info.plist */,
			);
			path = HTTPRequest;
			sourceTree = "<group>";
		};
/* End PBXGroup section */

/* Begin PBXNativeTarget section */
		BE07BAEF230F4E8A008BCAF0 /* ParotterClient */ = {
			isa = PBXNativeTarget;
			buildConfigurationList = BE07BB18230F4E8B008BCAF0 /* Build configuration list for PBXNativeTarget "ParotterClient" */;
			buildPhases = (
				BE07BAEC230F4E8A008BCAF0 /* Sources */,
				BE07BAED230F4E8A008BCAF0 /* Frameworks */,
				BE07BAEE230F4E8A008BCAF0 /* Resources */,
			);
			buildRules = (
			);
			dependencies = (
			);
			name = ParotterClient;
			productName = ParotterClient;
			productReference = BE07BAF0230F4E8A008BCAF0 /* ParotterClient.app */;
			productType = "com.apple.product-type.application";
		};
		BE07BB03230F4E8B008BCAF0 /* ParotterClientTests */ = {
			isa = PBXNativeTarget;
			buildConfigurationList = BE07BB1B230F4E8B008BCAF0 /* Build configuration list for PBXNativeTarget "ParotterClientTests" */;
			buildPhases = (
				BE07BB00230F4E8B008BCAF0 /* Sources */,
				BE07BB01230F4E8B008BCAF0 /* Frameworks */,
				BE07BB02230F4E8B008BCAF0 /* Resources */,
			);
			buildRules = (
			);
			dependencies = (
				BE07BB06230F4E8B008BCAF0 /* PBXTargetDependency */,
			);
			name = ParotterClientTests;
			productName = ParotterClientTests;
			productReference = BE07BB04230F4E8B008BCAF0 /* ParotterClientTests.xctest */;
			productType = "com.apple.product-type.bundle.unit-test";
		};
		BE07BB0E230F4E8B008BCAF0 /* ParotterClientUITests */ = {
			isa = PBXNativeTarget;
			buildConfigurationList = BE07BB1E230F4E8B008BCAF0 /* Build configuration list for PBXNativeTarget "ParotterClientUITests" */;
			buildPhases = (
				BE07BB0B230F4E8B008BCAF0 /* Sources */,
				BE07BB0C230F4E8B008BCAF0 /* Frameworks */,
				BE07BB0D230F4E8B008BCAF0 /* Resources */,
			);
			buildRules = (
			);
			dependencies = (
				BE07BB11230F4E8B008BCAF0 /* PBXTargetDependency */,
			);
			name = ParotterClientUITests;
			productName = ParotterClientUITests;
			productReference = BE07BB0F230F4E8B008BCAF0 /* ParotterClientUITests.xctest */;
			productType = "com.apple.product-type.bundle.ui-testing";
		};
		BEDAD1D223106C1900592C01 /* FooTests */ = {
			isa = PBXNativeTarget;
			buildConfigurationList = BEDAD1DC23106C1900592C01 /* Build configuration list for PBXNativeTarget "FooTests" */;
			buildPhases = (
				BEDAD1CF23106C1900592C01 /* Sources */,
				BEDAD1D023106C1900592C01 /* Frameworks */,
				BEDAD1D123106C1900592C01 /* Resources */,
			);
			buildRules = (
			);
			dependencies = (
				BEDAD1D923106C1900592C01 /* PBXTargetDependency */,
			);
			name = FooTests;
			productName = FooTests;
			productReference = BEDAD1D323106C1900592C01 /* FooTests.xctest */;
			productType = "com.apple.product-type.bundle.unit-test";
		};
		BEDAD1E7231071E000592C01 /* HTTPRequest */ = {
			isa = PBXNativeTarget;
			buildConfigurationList = BEDAD1EF231071E000592C01 /* Build configuration list for PBXNativeTarget "HTTPRequest" */;
			buildPhases = (
				BEDAD1E4231071E000592C01 /* Sources */,
				BEDAD1E5231071E000592C01 /* Frameworks */,
				BEDAD1E6231071E000592C01 /* Resources */,
			);
			buildRules = (
			);
			dependencies = (
				BEDAD1EE231071E000592C01 /* PBXTargetDependency */,
			);
			name = HTTPRequest;
			productName = HTTPRequest;
			productReference = BEDAD1E8231071E000592C01 /* HTTPRequest.xctest */;
			productType = "com.apple.product-type.bundle.unit-test";
		};
/* End PBXNativeTarget section */

/* Begin PBXProject section */
		BE07BAE8230F4E8A008BCAF0 /* Project object */ = {
			isa = PBXProject;
			attributes = {
				LastSwiftUpdateCheck = 1030;
				LastUpgradeCheck = 1030;
				ORGANIZATIONNAME = "Fan Zhang";
				TargetAttributes = {
					BE07BAEF230F4E8A008BCAF0 = {
						CreatedOnToolsVersion = 10.3;
					};
					BE07BB03230F4E8B008BCAF0 = {
						CreatedOnToolsVersion = 10.3;
						TestTargetID = BE07BAEF230F4E8A008BCAF0;
					};
					BE07BB0E230F4E8B008BCAF0 = {
						CreatedOnToolsVersion = 10.3;
						TestTargetID = BE07BAEF230F4E8A008BCAF0;
					};
					BEDAD1D223106C1900592C01 = {
						CreatedOnToolsVersion = 10.3;
						TestTargetID = BE07BAEF230F4E8A008BCAF0;
					};
					BEDAD1E7231071E000592C01 = {
						CreatedOnToolsVersion = 10.3;
						TestTargetID = BE07BAEF230F4E8A008BCAF0;
					};
				};
			};
			buildConfigurationList = BE07BAEB230F4E8A008BCAF0 /* Build configuration list for PBXProject "ParotterClient" */;
			compatibilityVersion = "Xcode 9.3";
			developmentRegion = en;
			hasScannedForEncodings = 0;
			knownRegions = (
				en,
				Base,
			);
			mainGroup = BE07BAE7230F4E8A008BCAF0;
			productRefGroup = BE07BAF1230F4E8A008BCAF0 /* Products */;
			projectDirPath = "";
			projectRoot = "";
			targets = (
				BE07BAEF230F4E8A008BCAF0 /* ParotterClient */,
				BE07BB03230F4E8B008BCAF0 /* ParotterClientTests */,
				BE07BB0E230F4E8B008BCAF0 /* ParotterClientUITests */,
				BEDAD1D223106C1900592C01 /* FooTests */,
				BEDAD1E7231071E000592C01 /* HTTPRequest */,
			);
		};
/* End PBXProject section */

/* Begin PBXResourcesBuildPhase section */
		BE07BAEE230F4E8A008BCAF0 /* Resources */ = {
			isa = PBXResourcesBuildPhase;
			buildActionMask = 2147483647;
			files = (
				BE07BAFE230F4E8B008BCAF0 /* LaunchScreen.storyboard in Resources */,
				BE07BAFB230F4E8B008BCAF0 /* Assets.xcassets in Resources */,
				BE07BB25230F4FA5008BCAF0 /* Extensions in Resources */,
				BE07BAF9230F4E8A008BCAF0 /* Main.storyboard in Resources */,
			);
			runOnlyForDeploymentPostprocessing = 0;
		};
		BE07BB02230F4E8B008BCAF0 /* Resources */ = {
			isa = PBXResourcesBuildPhase;
			buildActionMask = 2147483647;
			files = (
				BE07BB26230F4FA5008BCAF0 /* Extensions in Resources */,
			);
			runOnlyForDeploymentPostprocessing = 0;
		};
		BE07BB0D230F4E8B008BCAF0 /* Resources */ = {
			isa = PBXResourcesBuildPhase;
			buildActionMask = 2147483647;
			files = (
				BE07BB27230F4FA5008BCAF0 /* Extensions in Resources */,
			);
			runOnlyForDeploymentPostprocessing = 0;
		};
		BEDAD1D123106C1900592C01 /* Resources */ = {
			isa = PBXResourcesBuildPhase;
			buildActionMask = 2147483647;
			files = (
			);
			runOnlyForDeploymentPostprocessing = 0;
		};
		BEDAD1E6231071E000592C01 /* Resources */ = {
			isa = PBXResourcesBuildPhase;
			buildActionMask = 2147483647;
			files = (
			);
			runOnlyForDeploymentPostprocessing = 0;
		};
/* End PBXResourcesBuildPhase section */

/* Begin PBXSourcesBuildPhase section */
		BE07BAEC230F4E8A008BCAF0 /* Sources */ = {
			isa = PBXSourcesBuildPhase;
			buildActionMask = 2147483647;
			files = (
				BE07BAF6230F4E8A008BCAF0 /* ViewController.swift in Sources */,
				BE07BB39230F4FEF008BCAF0 /* Dictionary++.swift in Sources */,
				BE07BB4B230F4FEF008BCAF0 /* HMAC.swift in Sources */,
				BE07BB3F230F4FEF008BCAF0 /* Scanner++.swift in Sources */,
				BE07BB36230F4FEF008BCAF0 /* Operator++.swift in Sources */,
				BE07BB22230F4F43008BCAF0 /* OAuthClient.swift in Sources */,
				BE07BB48230F4FEF008BCAF0 /* Data++.swift in Sources */,
				BED16ABF2310375300F9A295 /* Auth.swift in Sources */,
				BE07BB45230F4FEF008BCAF0 /* Utils.swift in Sources */,
				BED16AC323104C2000F9A295 /* ClientProtocal.swift in Sources */,
				BE07BB3C230F4FEF008BCAF0 /* SHA1.swift in Sources */,
				BE07BB33230F4FEF008BCAF0 /* String++.swift in Sources */,
				BE07BB42230F4FEF008BCAF0 /* URL++.swift in Sources */,
				BE07BAF4230F4E8A008BCAF0 /* AppDelegate.swift in Sources */,
				BED16AC123103A2F00F9A295 /* Twitter.swift in Sources */,
				BED16ABD23102EE900F9A295 /* HTTPRequest.swift in Sources */,
				BE07BB4E230F4FEF008BCAF0 /* Int++.swift in Sources */,
			);
			runOnlyForDeploymentPostprocessing = 0;
		};
		BE07BB00230F4E8B008BCAF0 /* Sources */ = {
			isa = PBXSourcesBuildPhase;
			buildActionMask = 2147483647;
			files = (
				BE07BB34230F4FEF008BCAF0 /* String++.swift in Sources */,
				BE07BB37230F4FEF008BCAF0 /* Operator++.swift in Sources */,
				BE07BB46230F4FEF008BCAF0 /* Utils.swift in Sources */,
				BE07BB3D230F4FEF008BCAF0 /* SHA1.swift in Sources */,
				BEDAD1F32310721E00592C01 /* HTTPRequestTest.swift in Sources */,
				BEDAD1E123106D4B00592C01 /* Twitter.swift in Sources */,
				BE07BB23230F4F43008BCAF0 /* OAuthClient.swift in Sources */,
				BEDAD1DE23106D3200592C01 /* HTTPRequest.swift in Sources */,
				BEDAD1DD23106D2D00592C01 /* Auth.swift in Sources */,
				BEDAD1E223106D4E00592C01 /* AppDelegate.swift in Sources */,
				BE07BB3A230F4FEF008BCAF0 /* Dictionary++.swift in Sources */,
				BE07BB09230F4E8B008BCAF0 /* ParotterClientTests.swift in Sources */,
				BEDAD1DF23106D3400592C01 /* ClientProtocal.swift in Sources */,
				BE07BB4F230F4FEF008BCAF0 /* Int++.swift in Sources */,
				BE07BB49230F4FEF008BCAF0 /* Data++.swift in Sources */,
				BEDAD1E023106D4700592C01 /* ViewController.swift in Sources */,
				BE07BB5F230F7607008BCAF0 /* OAuthClientTests.swift in Sources */,
				BE07BB40230F4FEF008BCAF0 /* Scanner++.swift in Sources */,
				BEDAD1CE2310616200592C01 /* AuthTests.swift in Sources */,
				BE07BB4C230F4FEF008BCAF0 /* HMAC.swift in Sources */,
				BE07BB43230F4FEF008BCAF0 /* URL++.swift in Sources */,
			);
			runOnlyForDeploymentPostprocessing = 0;
		};
		BE07BB0B230F4E8B008BCAF0 /* Sources */ = {
			isa = PBXSourcesBuildPhase;
			buildActionMask = 2147483647;
			files = (
				BE07BB4A230F4FEF008BCAF0 /* Data++.swift in Sources */,
				BE07BB3E230F4FEF008BCAF0 /* SHA1.swift in Sources */,
				BE07BB38230F4FEF008BCAF0 /* Operator++.swift in Sources */,
				BE07BB44230F4FEF008BCAF0 /* URL++.swift in Sources */,
				BE07BB3B230F4FEF008BCAF0 /* Dictionary++.swift in Sources */,
				BE07BB35230F4FEF008BCAF0 /* String++.swift in Sources */,
				BE07BB4D230F4FEF008BCAF0 /* HMAC.swift in Sources */,
				BE07BB41230F4FEF008BCAF0 /* Scanner++.swift in Sources */,
				BE07BB14230F4E8B008BCAF0 /* ParotterClientUITests.swift in Sources */,
				BE07BB47230F4FEF008BCAF0 /* Utils.swift in Sources */,
				BE07BB50230F4FEF008BCAF0 /* Int++.swift in Sources */,
			);
			runOnlyForDeploymentPostprocessing = 0;
		};
		BEDAD1CF23106C1900592C01 /* Sources */ = {
			isa = PBXSourcesBuildPhase;
			buildActionMask = 2147483647;
			files = (
				BEDAD1D623106C1900592C01 /* FooTests.swift in Sources */,
			);
			runOnlyForDeploymentPostprocessing = 0;
		};
		BEDAD1E4231071E000592C01 /* Sources */ = {
			isa = PBXSourcesBuildPhase;
			buildActionMask = 2147483647;
			files = (
				BEDAD1EB231071E000592C01 /* HTTPRequest.swift in Sources */,
			);
			runOnlyForDeploymentPostprocessing = 0;
		};
/* End PBXSourcesBuildPhase section */

/* Begin PBXTargetDependency section */
		BE07BB06230F4E8B008BCAF0 /* PBXTargetDependency */ = {
			isa = PBXTargetDependency;
			target = BE07BAEF230F4E8A008BCAF0 /* ParotterClient */;
			targetProxy = BE07BB05230F4E8B008BCAF0 /* PBXContainerItemProxy */;
		};
		BE07BB11230F4E8B008BCAF0 /* PBXTargetDependency */ = {
			isa = PBXTargetDependency;
			target = BE07BAEF230F4E8A008BCAF0 /* ParotterClient */;
			targetProxy = BE07BB10230F4E8B008BCAF0 /* PBXContainerItemProxy */;
		};
		BEDAD1D923106C1900592C01 /* PBXTargetDependency */ = {
			isa = PBXTargetDependency;
			target = BE07BAEF230F4E8A008BCAF0 /* ParotterClient */;
			targetProxy = BEDAD1D823106C1900592C01 /* PBXContainerItemProxy */;
		};
		BEDAD1EE231071E000592C01 /* PBXTargetDependency */ = {
			isa = PBXTargetDependency;
			target = BE07BAEF230F4E8A008BCAF0 /* ParotterClient */;
			targetProxy = BEDAD1ED231071E000592C01 /* PBXContainerItemProxy */;
		};
/* End PBXTargetDependency section */

/* Begin PBXVariantGroup section */
		BE07BAF7230F4E8A008BCAF0 /* Main.storyboard */ = {
			isa = PBXVariantGroup;
			children = (
				BE07BAF8230F4E8A008BCAF0 /* Base */,
			);
			name = Main.storyboard;
			sourceTree = "<group>";
		};
		BE07BAFC230F4E8B008BCAF0 /* LaunchScreen.storyboard */ = {
			isa = PBXVariantGroup;
			children = (
				BE07BAFD230F4E8B008BCAF0 /* Base */,
			);
			name = LaunchScreen.storyboard;
			sourceTree = "<group>";
		};
/* End PBXVariantGroup section */

/* Begin XCBuildConfiguration section */
		BE07BB16230F4E8B008BCAF0 /* Debug */ = {
			isa = XCBuildConfiguration;
			buildSettings = {
				ALWAYS_SEARCH_USER_PATHS = NO;
				CLANG_ANALYZER_NONNULL = YES;
				CLANG_ANALYZER_NUMBER_OBJECT_CONVERSION = YES_AGGRESSIVE;
				CLANG_CXX_LANGUAGE_STANDARD = "gnu++14";
				CLANG_CXX_LIBRARY = "libc++";
				CLANG_ENABLE_MODULES = YES;
				CLANG_ENABLE_OBJC_ARC = YES;
				CLANG_ENABLE_OBJC_WEAK = YES;
				CLANG_WARN_BLOCK_CAPTURE_AUTORELEASING = YES;
				CLANG_WARN_BOOL_CONVERSION = YES;
				CLANG_WARN_COMMA = YES;
				CLANG_WARN_CONSTANT_CONVERSION = YES;
				CLANG_WARN_DEPRECATED_OBJC_IMPLEMENTATIONS = YES;
				CLANG_WARN_DIRECT_OBJC_ISA_USAGE = YES_ERROR;
				CLANG_WARN_DOCUMENTATION_COMMENTS = YES;
				CLANG_WARN_EMPTY_BODY = YES;
				CLANG_WARN_ENUM_CONVERSION = YES;
				CLANG_WARN_INFINITE_RECURSION = YES;
				CLANG_WARN_INT_CONVERSION = YES;
				CLANG_WARN_NON_LITERAL_NULL_CONVERSION = YES;
				CLANG_WARN_OBJC_IMPLICIT_RETAIN_SELF = YES;
				CLANG_WARN_OBJC_LITERAL_CONVERSION = YES;
				CLANG_WARN_OBJC_ROOT_CLASS = YES_ERROR;
				CLANG_WARN_RANGE_LOOP_ANALYSIS = YES;
				CLANG_WARN_STRICT_PROTOTYPES = YES;
				CLANG_WARN_SUSPICIOUS_MOVE = YES;
				CLANG_WARN_UNGUARDED_AVAILABILITY = YES_AGGRESSIVE;
				CLANG_WARN_UNREACHABLE_CODE = YES;
				CLANG_WARN__DUPLICATE_METHOD_MATCH = YES;
				CODE_SIGN_IDENTITY = "iPhone Developer";
				COPY_PHASE_STRIP = NO;
				DEBUG_INFORMATION_FORMAT = dwarf;
				ENABLE_STRICT_OBJC_MSGSEND = YES;
				ENABLE_TESTABILITY = YES;
				GCC_C_LANGUAGE_STANDARD = gnu11;
				GCC_DYNAMIC_NO_PIC = NO;
				GCC_NO_COMMON_BLOCKS = YES;
				GCC_OPTIMIZATION_LEVEL = 0;
				GCC_PREPROCESSOR_DEFINITIONS = (
					"DEBUG=1",
					"$(inherited)",
				);
				GCC_WARN_64_TO_32_BIT_CONVERSION = YES;
				GCC_WARN_ABOUT_RETURN_TYPE = YES_ERROR;
				GCC_WARN_UNDECLARED_SELECTOR = YES;
				GCC_WARN_UNINITIALIZED_AUTOS = YES_AGGRESSIVE;
				GCC_WARN_UNUSED_FUNCTION = YES;
				GCC_WARN_UNUSED_VARIABLE = YES;
				IPHONEOS_DEPLOYMENT_TARGET = 12.4;
				MTL_ENABLE_DEBUG_INFO = INCLUDE_SOURCE;
				MTL_FAST_MATH = YES;
				ONLY_ACTIVE_ARCH = YES;
				SDKROOT = iphoneos;
				SWIFT_ACTIVE_COMPILATION_CONDITIONS = DEBUG;
				SWIFT_OPTIMIZATION_LEVEL = "-Onone";
			};
			name = Debug;
		};
		BE07BB17230F4E8B008BCAF0 /* Release */ = {
			isa = XCBuildConfiguration;
			buildSettings = {
				ALWAYS_SEARCH_USER_PATHS = NO;
				CLANG_ANALYZER_NONNULL = YES;
				CLANG_ANALYZER_NUMBER_OBJECT_CONVERSION = YES_AGGRESSIVE;
				CLANG_CXX_LANGUAGE_STANDARD = "gnu++14";
				CLANG_CXX_LIBRARY = "libc++";
				CLANG_ENABLE_MODULES = YES;
				CLANG_ENABLE_OBJC_ARC = YES;
				CLANG_ENABLE_OBJC_WEAK = YES;
				CLANG_WARN_BLOCK_CAPTURE_AUTORELEASING = YES;
				CLANG_WARN_BOOL_CONVERSION = YES;
				CLANG_WARN_COMMA = YES;
				CLANG_WARN_CONSTANT_CONVERSION = YES;
				CLANG_WARN_DEPRECATED_OBJC_IMPLEMENTATIONS = YES;
				CLANG_WARN_DIRECT_OBJC_ISA_USAGE = YES_ERROR;
				CLANG_WARN_DOCUMENTATION_COMMENTS = YES;
				CLANG_WARN_EMPTY_BODY = YES;
				CLANG_WARN_ENUM_CONVERSION = YES;
				CLANG_WARN_INFINITE_RECURSION = YES;
				CLANG_WARN_INT_CONVERSION = YES;
				CLANG_WARN_NON_LITERAL_NULL_CONVERSION = YES;
				CLANG_WARN_OBJC_IMPLICIT_RETAIN_SELF = YES;
				CLANG_WARN_OBJC_LITERAL_CONVERSION = YES;
				CLANG_WARN_OBJC_ROOT_CLASS = YES_ERROR;
				CLANG_WARN_RANGE_LOOP_ANALYSIS = YES;
				CLANG_WARN_STRICT_PROTOTYPES = YES;
				CLANG_WARN_SUSPICIOUS_MOVE = YES;
				CLANG_WARN_UNGUARDED_AVAILABILITY = YES_AGGRESSIVE;
				CLANG_WARN_UNREACHABLE_CODE = YES;
				CLANG_WARN__DUPLICATE_METHOD_MATCH = YES;
				CODE_SIGN_IDENTITY = "iPhone Developer";
				COPY_PHASE_STRIP = NO;
				DEBUG_INFORMATION_FORMAT = "dwarf-with-dsym";
				ENABLE_NS_ASSERTIONS = NO;
				ENABLE_STRICT_OBJC_MSGSEND = YES;
				GCC_C_LANGUAGE_STANDARD = gnu11;
				GCC_NO_COMMON_BLOCKS = YES;
				GCC_WARN_64_TO_32_BIT_CONVERSION = YES;
				GCC_WARN_ABOUT_RETURN_TYPE = YES_ERROR;
				GCC_WARN_UNDECLARED_SELECTOR = YES;
				GCC_WARN_UNINITIALIZED_AUTOS = YES_AGGRESSIVE;
				GCC_WARN_UNUSED_FUNCTION = YES;
				GCC_WARN_UNUSED_VARIABLE = YES;
				IPHONEOS_DEPLOYMENT_TARGET = 12.4;
				MTL_ENABLE_DEBUG_INFO = NO;
				MTL_FAST_MATH = YES;
				SDKROOT = iphoneos;
				SWIFT_COMPILATION_MODE = wholemodule;
				SWIFT_OPTIMIZATION_LEVEL = "-O";
				VALIDATE_PRODUCT = YES;
			};
			name = Release;
		};
		BE07BB19230F4E8B008BCAF0 /* Debug */ = {
			isa = XCBuildConfiguration;
			buildSettings = {
				ASSETCATALOG_COMPILER_APPICON_NAME = AppIcon;
				CODE_SIGN_IDENTITY = "iPhone Developer";
				CODE_SIGN_STYLE = Automatic;
				DEVELOPMENT_TEAM = "";
				INFOPLIST_FILE = ParotterClient/Info.plist;
				LD_RUNPATH_SEARCH_PATHS = (
					"$(inherited)",
					"@executable_path/Frameworks",
				);
				PRODUCT_BUNDLE_IDENTIFIER = com.example.ParotterClient;
				PRODUCT_NAME = "$(TARGET_NAME)";
				PROVISIONING_PROFILE_SPECIFIER = "";
				SWIFT_VERSION = 5.0;
				TARGETED_DEVICE_FAMILY = "1,2";
			};
			name = Debug;
		};
		BE07BB1A230F4E8B008BCAF0 /* Release */ = {
			isa = XCBuildConfiguration;
			buildSettings = {
				ASSETCATALOG_COMPILER_APPICON_NAME = AppIcon;
				CODE_SIGN_IDENTITY = "iPhone Developer";
				CODE_SIGN_STYLE = Automatic;
				DEVELOPMENT_TEAM = "";
				INFOPLIST_FILE = ParotterClient/Info.plist;
				LD_RUNPATH_SEARCH_PATHS = (
					"$(inherited)",
					"@executable_path/Frameworks",
				);
				PRODUCT_BUNDLE_IDENTIFIER = com.example.ParotterClient;
				PRODUCT_NAME = "$(TARGET_NAME)";
				PROVISIONING_PROFILE_SPECIFIER = "";
				SWIFT_VERSION = 5.0;
				TARGETED_DEVICE_FAMILY = "1,2";
			};
			name = Release;
		};
		BE07BB1C230F4E8B008BCAF0 /* Debug */ = {
			isa = XCBuildConfiguration;
			buildSettings = {
				ALWAYS_EMBED_SWIFT_STANDARD_LIBRARIES = YES;
				BUNDLE_LOADER = "$(TEST_HOST)";
				CODE_SIGN_STYLE = Automatic;
				DEVELOPMENT_TEAM = N94Q455WA8;
				INFOPLIST_FILE = ParotterClientTests/Info.plist;
				LD_RUNPATH_SEARCH_PATHS = (
					"$(inherited)",
					"@executable_path/Frameworks",
					"@loader_path/Frameworks",
				);
				PRODUCT_BUNDLE_IDENTIFIER = com.example.ParotterClientTests;
				PRODUCT_NAME = "$(TARGET_NAME)";
				SWIFT_VERSION = 5.0;
				TARGETED_DEVICE_FAMILY = "1,2";
				TEST_HOST = "$(BUILT_PRODUCTS_DIR)/ParotterClient.app/ParotterClient";
			};
			name = Debug;
		};
		BE07BB1D230F4E8B008BCAF0 /* Release */ = {
			isa = XCBuildConfiguration;
			buildSettings = {
				ALWAYS_EMBED_SWIFT_STANDARD_LIBRARIES = YES;
				BUNDLE_LOADER = "$(TEST_HOST)";
				CODE_SIGN_STYLE = Automatic;
				DEVELOPMENT_TEAM = N94Q455WA8;
				INFOPLIST_FILE = ParotterClientTests/Info.plist;
				LD_RUNPATH_SEARCH_PATHS = (
					"$(inherited)",
					"@executable_path/Frameworks",
					"@loader_path/Frameworks",
				);
				PRODUCT_BUNDLE_IDENTIFIER = com.example.ParotterClientTests;
				PRODUCT_NAME = "$(TARGET_NAME)";
				SWIFT_VERSION = 5.0;
				TARGETED_DEVICE_FAMILY = "1,2";
				TEST_HOST = "$(BUILT_PRODUCTS_DIR)/ParotterClient.app/ParotterClient";
			};
			name = Release;
		};
		BE07BB1F230F4E8B008BCAF0 /* Debug */ = {
			isa = XCBuildConfiguration;
			buildSettings = {
				ALWAYS_EMBED_SWIFT_STANDARD_LIBRARIES = YES;
				CODE_SIGN_STYLE = Automatic;
				DEVELOPMENT_TEAM = N94Q455WA8;
				INFOPLIST_FILE = ParotterClientUITests/Info.plist;
				LD_RUNPATH_SEARCH_PATHS = (
					"$(inherited)",
					"@executable_path/Frameworks",
					"@loader_path/Frameworks",
				);
				PRODUCT_BUNDLE_IDENTIFIER = com.example.ParotterClientUITests;
				PRODUCT_NAME = "$(TARGET_NAME)";
				SWIFT_VERSION = 5.0;
				TARGETED_DEVICE_FAMILY = "1,2";
				TEST_TARGET_NAME = ParotterClient;
			};
			name = Debug;
		};
		BE07BB20230F4E8B008BCAF0 /* Release */ = {
			isa = XCBuildConfiguration;
			buildSettings = {
				ALWAYS_EMBED_SWIFT_STANDARD_LIBRARIES = YES;
				CODE_SIGN_STYLE = Automatic;
				DEVELOPMENT_TEAM = N94Q455WA8;
				INFOPLIST_FILE = ParotterClientUITests/Info.plist;
				LD_RUNPATH_SEARCH_PATHS = (
					"$(inherited)",
					"@executable_path/Frameworks",
					"@loader_path/Frameworks",
				);
				PRODUCT_BUNDLE_IDENTIFIER = com.example.ParotterClientUITests;
				PRODUCT_NAME = "$(TARGET_NAME)";
				SWIFT_VERSION = 5.0;
				TARGETED_DEVICE_FAMILY = "1,2";
				TEST_TARGET_NAME = ParotterClient;
			};
			name = Release;
		};
		BEDAD1DA23106C1900592C01 /* Debug */ = {
			isa = XCBuildConfiguration;
			buildSettings = {
				BUNDLE_LOADER = "$(TEST_HOST)";
				CODE_SIGN_STYLE = Automatic;
				DEVELOPMENT_TEAM = N94Q455WA8;
				INFOPLIST_FILE = FooTests/Info.plist;
				LD_RUNPATH_SEARCH_PATHS = (
					"$(inherited)",
					"@executable_path/Frameworks",
					"@loader_path/Frameworks",
				);
				PRODUCT_BUNDLE_IDENTIFIER = com.example.FooTests;
				PRODUCT_NAME = "$(TARGET_NAME)";
				SWIFT_VERSION = 5.0;
				TARGETED_DEVICE_FAMILY = "1,2";
				TEST_HOST = "$(BUILT_PRODUCTS_DIR)/ParotterClient.app/ParotterClient";
			};
			name = Debug;
		};
		BEDAD1DB23106C1900592C01 /* Release */ = {
			isa = XCBuildConfiguration;
			buildSettings = {
				BUNDLE_LOADER = "$(TEST_HOST)";
				CODE_SIGN_STYLE = Automatic;
				DEVELOPMENT_TEAM = N94Q455WA8;
				INFOPLIST_FILE = FooTests/Info.plist;
				LD_RUNPATH_SEARCH_PATHS = (
					"$(inherited)",
					"@executable_path/Frameworks",
					"@loader_path/Frameworks",
				);
				PRODUCT_BUNDLE_IDENTIFIER = com.example.FooTests;
				PRODUCT_NAME = "$(TARGET_NAME)";
				SWIFT_VERSION = 5.0;
				TARGETED_DEVICE_FAMILY = "1,2";
				TEST_HOST = "$(BUILT_PRODUCTS_DIR)/ParotterClient.app/ParotterClient";
			};
			name = Release;
		};
		BEDAD1F0231071E000592C01 /* Debug */ = {
			isa = XCBuildConfiguration;
			buildSettings = {
				BUNDLE_LOADER = "$(TEST_HOST)";
				CODE_SIGN_STYLE = Automatic;
				DEVELOPMENT_TEAM = N94Q455WA8;
				INFOPLIST_FILE = HTTPRequest/Info.plist;
				LD_RUNPATH_SEARCH_PATHS = (
					"$(inherited)",
					"@executable_path/Frameworks",
					"@loader_path/Frameworks",
				);
				PRODUCT_BUNDLE_IDENTIFIER = com.example.HTTPRequest;
				PRODUCT_NAME = "$(TARGET_NAME)";
				SWIFT_VERSION = 5.0;
				TARGETED_DEVICE_FAMILY = "1,2";
				TEST_HOST = "$(BUILT_PRODUCTS_DIR)/ParotterClient.app/ParotterClient";
			};
			name = Debug;
		};
		BEDAD1F1231071E000592C01 /* Release */ = {
			isa = XCBuildConfiguration;
			buildSettings = {
				BUNDLE_LOADER = "$(TEST_HOST)";
				CODE_SIGN_STYLE = Automatic;
				DEVELOPMENT_TEAM = N94Q455WA8;
				INFOPLIST_FILE = HTTPRequest/Info.plist;
				LD_RUNPATH_SEARCH_PATHS = (
					"$(inherited)",
					"@executable_path/Frameworks",
					"@loader_path/Frameworks",
				);
				PRODUCT_BUNDLE_IDENTIFIER = com.example.HTTPRequest;
				PRODUCT_NAME = "$(TARGET_NAME)";
				SWIFT_VERSION = 5.0;
				TARGETED_DEVICE_FAMILY = "1,2";
				TEST_HOST = "$(BUILT_PRODUCTS_DIR)/ParotterClient.app/ParotterClient";
			};
			name = Release;
		};
/* End XCBuildConfiguration section */

/* Begin XCConfigurationList section */
		BE07BAEB230F4E8A008BCAF0 /* Build configuration list for PBXProject "ParotterClient" */ = {
			isa = XCConfigurationList;
			buildConfigurations = (
				BE07BB16230F4E8B008BCAF0 /* Debug */,
				BE07BB17230F4E8B008BCAF0 /* Release */,
			);
			defaultConfigurationIsVisible = 0;
			defaultConfigurationName = Release;
		};
		BE07BB18230F4E8B008BCAF0 /* Build configuration list for PBXNativeTarget "ParotterClient" */ = {
			isa = XCConfigurationList;
			buildConfigurations = (
				BE07BB19230F4E8B008BCAF0 /* Debug */,
				BE07BB1A230F4E8B008BCAF0 /* Release */,
			);
			defaultConfigurationIsVisible = 0;
			defaultConfigurationName = Release;
		};
		BE07BB1B230F4E8B008BCAF0 /* Build configuration list for PBXNativeTarget "ParotterClientTests" */ = {
			isa = XCConfigurationList;
			buildConfigurations = (
				BE07BB1C230F4E8B008BCAF0 /* Debug */,
				BE07BB1D230F4E8B008BCAF0 /* Release */,
			);
			defaultConfigurationIsVisible = 0;
			defaultConfigurationName = Release;
		};
		BE07BB1E230F4E8B008BCAF0 /* Build configuration list for PBXNativeTarget "ParotterClientUITests" */ = {
			isa = XCConfigurationList;
			buildConfigurations = (
				BE07BB1F230F4E8B008BCAF0 /* Debug */,
				BE07BB20230F4E8B008BCAF0 /* Release */,
			);
			defaultConfigurationIsVisible = 0;
			defaultConfigurationName = Release;
		};
		BEDAD1DC23106C1900592C01 /* Build configuration list for PBXNativeTarget "FooTests" */ = {
			isa = XCConfigurationList;
			buildConfigurations = (
				BEDAD1DA23106C1900592C01 /* Debug */,
				BEDAD1DB23106C1900592C01 /* Release */,
			);
			defaultConfigurationIsVisible = 0;
			defaultConfigurationName = Release;
		};
		BEDAD1EF231071E000592C01 /* Build configuration list for PBXNativeTarget "HTTPRequest" */ = {
			isa = XCConfigurationList;
			buildConfigurations = (
				BEDAD1F0231071E000592C01 /* Debug */,
				BEDAD1F1231071E000592C01 /* Release */,
			);
			defaultConfigurationIsVisible = 0;
			defaultConfigurationName = Release;
		};
/* End XCConfigurationList section */
	};
	rootObject = BE07BAE8230F4E8A008BCAF0 /* Project object */;
}
